// !$*UTF8*$!
{
	archiveVersion = 1;
	classes = {
	};
	objectVersion = 46;
	objects = {

/* Begin PBXBuildFile section */
		FAC170701BE5AFCB0065DB08 /* gl_render.cpp in Sources */ = {isa = PBXBuildFile; fileRef = FAC1706C1BE5AFCB0065DB08 /* gl_render.cpp */; settings = {ASSET_TAGS = (); }; };
		FAC170711BE5AFCB0065DB08 /* readobj.cpp in Sources */ = {isa = PBXBuildFile; fileRef = FAC1706D1BE5AFCB0065DB08 /* readobj.cpp */; settings = {ASSET_TAGS = (); }; };
		FAC170721BE5AFCB0065DB08 /* readtrans.cpp in Sources */ = {isa = PBXBuildFile; fileRef = FAC1706F1BE5AFCB0065DB08 /* readtrans.cpp */; settings = {ASSET_TAGS = (); }; };
		FAC170741BE5DA1F0065DB08 /* GLUT.framework in Frameworks */ = {isa = PBXBuildFile; fileRef = FAC170731BE5DA1F0065DB08 /* GLUT.framework */; };
		FAC170761BE5DA2E0065DB08 /* OpenGL.framework in Frameworks */ = {isa = PBXBuildFile; fileRef = FAC170751BE5DA2E0065DB08 /* OpenGL.framework */; };
/* End PBXBuildFile section */

/* Begin PBXCopyFilesBuildPhase section */
		FAC170601BE5AF0F0065DB08 /* CopyFiles */ = {
			isa = PBXCopyFilesBuildPhase;
			buildActionMask = 2147483647;
			dstPath = /usr/share/man/man1/;
			dstSubfolderSpec = 0;
			files = (
			);
			runOnlyForDeploymentPostprocessing = 1;
		};
/* End PBXCopyFilesBuildPhase section */

/* Begin PBXFileReference section */
		FAC170621BE5AF0F0065DB08 /* hw3 */ = {isa = PBXFileReference; explicitFileType = "compiled.mach-o.executable"; includeInIndex = 0; path = hw3; sourceTree = BUILT_PRODUCTS_DIR; };
		FAC1706C1BE5AFCB0065DB08 /* gl_render.cpp */ = {isa = PBXFileReference; fileEncoding = 4; lastKnownFileType = sourcecode.cpp.cpp; name = gl_render.cpp; path = ../../gl_render.cpp; sourceTree = "<group>"; };
		FAC1706D1BE5AFCB0065DB08 /* readobj.cpp */ = {isa = PBXFileReference; fileEncoding = 4; lastKnownFileType = sourcecode.cpp.cpp; name = readobj.cpp; path = ../../readobj.cpp; sourceTree = "<group>"; };
		FAC1706E1BE5AFCB0065DB08 /* readobj.h */ = {isa = PBXFileReference; fileEncoding = 4; lastKnownFileType = sourcecode.c.h; name = readobj.h; path = ../../readobj.h; sourceTree = "<group>"; };
		FAC1706F1BE5AFCB0065DB08 /* readtrans.cpp */ = {isa = PBXFileReference; fileEncoding = 4; lastKnownFileType = sourcecode.cpp.cpp; name = readtrans.cpp; path = ../../readtrans.cpp; sourceTree = "<group>"; };
		FAC170731BE5DA1F0065DB08 /* GLUT.framework */ = {isa = PBXFileReference; lastKnownFileType = wrapper.framework; name = GLUT.framework; path = System/Library/Frameworks/GLUT.framework; sourceTree = SDKROOT; };
		FAC170751BE5DA2E0065DB08 /* OpenGL.framework */ = {isa = PBXFileReference; lastKnownFileType = wrapper.framework; name = OpenGL.framework; path = System/Library/Frameworks/OpenGL.framework; sourceTree = SDKROOT; };
/* End PBXFileReference section */

/* Begin PBXFrameworksBuildPhase section */
		FAC1705F1BE5AF0F0065DB08 /* Frameworks */ = {
			isa = PBXFrameworksBuildPhase;
			buildActionMask = 2147483647;
			files = (
				FAC170761BE5DA2E0065DB08 /* OpenGL.framework in Frameworks */,
				FAC170741BE5DA1F0065DB08 /* GLUT.framework in Frameworks */,
			);
			runOnlyForDeploymentPostprocessing = 0;
		};
/* End PBXFrameworksBuildPhase section */

/* Begin PBXGroup section */
		FAC170591BE5AF0F0065DB08 = {
			isa = PBXGroup;
			children = (
				FAC170751BE5DA2E0065DB08 /* OpenGL.framework */,
				FAC170731BE5DA1F0065DB08 /* GLUT.framework */,
				FAC170641BE5AF0F0065DB08 /* hw3 */,
				FAC170631BE5AF0F0065DB08 /* Products */,
			);
			sourceTree = "<group>";
		};
		FAC170631BE5AF0F0065DB08 /* Products */ = {
			isa = PBXGroup;
			children = (
				FAC170621BE5AF0F0065DB08 /* hw3 */,
			);
			name = Products;
			sourceTree = "<group>";
		};
		FAC170641BE5AF0F0065DB08 /* hw3 */ = {
			isa = PBXGroup;
			children = (
				FAC1706C1BE5AFCB0065DB08 /* gl_render.cpp */,
				FAC1706D1BE5AFCB0065DB08 /* readobj.cpp */,
				FAC1706E1BE5AFCB0065DB08 /* readobj.h */,
				FAC1706F1BE5AFCB0065DB08 /* readtrans.cpp */,
			);
			path = hw3;
			sourceTree = "<group>";
		};
/* End PBXGroup section */

/* Begin PBXNativeTarget section */
		FAC170611BE5AF0F0065DB08 /* hw3 */ = {
			isa = PBXNativeTarget;
			buildConfigurationList = FAC170691BE5AF0F0065DB08 /* Build configuration list for PBXNativeTarget "hw3" */;
			buildPhases = (
				FAC1705E1BE5AF0F0065DB08 /* Sources */,
				FAC1705F1BE5AF0F0065DB08 /* Frameworks */,
				FAC170601BE5AF0F0065DB08 /* CopyFiles */,
			);
			buildRules = (
			);
			dependencies = (
			);
			name = hw3;
			productName = hw3;
			productReference = FAC170621BE5AF0F0065DB08 /* hw3 */;
			productType = "com.apple.product-type.tool";
		};
/* End PBXNativeTarget section */

/* Begin PBXProject section */
		FAC1705A1BE5AF0F0065DB08 /* Project object */ = {
			isa = PBXProject;
			attributes = {
				LastUpgradeCheck = 0700;
				ORGANIZATIONNAME = "徐海翔";
				TargetAttributes = {
					FAC170611BE5AF0F0065DB08 = {
						CreatedOnToolsVersion = 7.0.1;
					};
				};
			};
			buildConfigurationList = FAC1705D1BE5AF0F0065DB08 /* Build configuration list for PBXProject "hw3" */;
			compatibilityVersion = "Xcode 3.2";
			developmentRegion = English;
			hasScannedForEncodings = 0;
			knownRegions = (
				en,
			);
			mainGroup = FAC170591BE5AF0F0065DB08;
			productRefGroup = FAC170631BE5AF0F0065DB08 /* Products */;
			projectDirPath = "";
			projectRoot = "";
			targets = (
				FAC170611BE5AF0F0065DB08 /* hw3 */,
			);
		};
/* End PBXProject section */

/* Begin PBXSourcesBuildPhase section */
		FAC1705E1BE5AF0F0065DB08 /* Sources */ = {
			isa = PBXSourcesBuildPhase;
			buildActionMask = 2147483647;
			files = (
				FAC170721BE5AFCB0065DB08 /* readtrans.cpp in Sources */,
				FAC170701BE5AFCB0065DB08 /* gl_render.cpp in Sources */,
				FAC170711BE5AFCB0065DB08 /* readobj.cpp in Sources */,
			);
			runOnlyForDeploymentPostprocessing = 0;
		};
/* End PBXSourcesBuildPhase section */

/* Begin XCBuildConfiguration section */
		FAC170671BE5AF0F0065DB08 /* Debug */ = {
			isa = XCBuildConfiguration;
			buildSettings = {
				ALWAYS_SEARCH_USER_PATHS = NO;
				CLANG_CXX_LANGUAGE_STANDARD = "gnu++0x";
				CLANG_CXX_LIBRARY = "libc++";
				CLANG_ENABLE_MODULES = YES;
				CLANG_ENABLE_OBJC_ARC = YES;
				CLANG_WARN_BOOL_CONVERSION = YES;
				CLANG_WARN_CONSTANT_CONVERSION = YES;
				CLANG_WARN_DIRECT_OBJC_ISA_USAGE = YES_ERROR;
				CLANG_WARN_EMPTY_BODY = YES;
				CLANG_WARN_ENUM_CONVERSION = YES;
				CLANG_WARN_INT_CONVERSION = YES;
				CLANG_WARN_OBJC_ROOT_CLASS = YES_ERROR;
				CLANG_WARN_UNREACHABLE_CODE = YES;
				CLANG_WARN__DUPLICATE_METHOD_MATCH = YES;
				COPY_PHASE_STRIP = NO;
				DEBUG_INFORMATION_FORMAT = dwarf;
				ENABLE_STRICT_OBJC_MSGSEND = YES;
				ENABLE_TESTABILITY = YES;
				GCC_C_LANGUAGE_STANDARD = gnu99;
				GCC_DYNAMIC_NO_PIC = NO;
				GCC_NO_COMMON_BLOCKS = YES;
				GCC_OPTIMIZATION_LEVEL = 0;
				GCC_PREPROCESSOR_DEFINITIONS = (
					"DEBUG=1",
					"$(inherited)",
				);
				GCC_WARN_64_TO_32_BIT_CONVERSION = YES;
				GCC_WARN_ABOUT_RETURN_TYPE = YES_ERROR;
				GCC_WARN_UNDECLARED_SELECTOR = YES;
				GCC_WARN_UNINITIALIZED_AUTOS = YES_AGGRESSIVE;
				GCC_WARN_UNUSED_FUNCTION = YES;
				GCC_WARN_UNUSED_VARIABLE = YES;
				MACOSX_DEPLOYMENT_TARGET = 10.10;
				MTL_ENABLE_DEBUG_INFO = YES;
				ONLY_ACTIVE_ARCH = YES;
				SDKROOT = macosx;
			};
			name = Debug;
		};
		FAC170681BE5AF0F0065DB08 /* Release */ = {
			isa = XCBuildConfiguration;
			buildSettings = {
				ALWAYS_SEARCH_USER_PATHS = NO;
				CLANG_CXX_LANGUAGE_STANDARD = "gnu++0x";
				CLANG_CXX_LIBRARY = "libc++";
				CLANG_ENABLE_MODULES = YES;
				CLANG_ENABLE_OBJC_ARC = YES;
				CLANG_WARN_BOOL_CONVERSION = YES;
				CLANG_WARN_CONSTANT_CONVERSION = YES;
				CLANG_WARN_DIRECT_OBJC_ISA_USAGE = YES_ERROR;
				CLANG_WARN_EMPTY_BODY = YES;
				CLANG_WARN_ENUM_CONVERSION = YES;
				CLANG_WARN_INT_CONVERSION = YES;
				CLANG_WARN_OBJC_ROOT_CLASS = YES_ERROR;
				CLANG_WARN_UNREACHABLE_CODE = YES;
				CLANG_WARN__DUPLICATE_METHOD_MATCH = YES;
				COPY_PHASE_STRIP = NO;
				DEBUG_INFORMATION_FORMAT = "dwarf-with-dsym";
				ENABLE_NS_ASSERTIONS = NO;
				ENABLE_STRICT_OBJC_MSGSEND = YES;
				GCC_C_LANGUAGE_STANDARD = gnu99;
				GCC_NO_COMMON_BLOCKS = YES;
				GCC_WARN_64_TO_32_BIT_CONVERSION = YES;
				GCC_WARN_ABOUT_RETURN_TYPE = YES_ERROR;
				GCC_WARN_UNDECLARED_SELECTOR = YES;
				GCC_WARN_UNINITIALIZED_AUTOS = YES_AGGRESSIVE;
				GCC_WARN_UNUSED_FUNCTION = YES;
				GCC_WARN_UNUSED_VARIABLE = YES;
				MACOSX_DEPLOYMENT_TARGET = 10.10;
				MTL_ENABLE_DEBUG_INFO = NO;
				SDKROOT = macosx;
			};
			name = Release;
		};
		FAC1706A1BE5AF0F0065DB08 /* Debug */ = {
			isa = XCBuildConfiguration;
			buildSettings = {
				PRODUCT_NAME = "$(TARGET_NAME)";
			};
			name = Debug;
		};
		FAC1706B1BE5AF0F0065DB08 /* Release */ = {
			isa = XCBuildConfiguration;
			buildSettings = {
				PRODUCT_NAME = "$(TARGET_NAME)";
			};
			name = Release;
		};
/* End XCBuildConfiguration section */

/* Begin XCConfigurationList section */
		FAC1705D1BE5AF0F0065DB08 /* Build configuration list for PBXProject "hw3" */ = {
			isa = XCConfigurationList;
			buildConfigurations = (
				FAC170671BE5AF0F0065DB08 /* Debug */,
				FAC170681BE5AF0F0065DB08 /* Release */,
			);
			defaultConfigurationIsVisible = 0;
			defaultConfigurationName = Release;
		};
		FAC170691BE5AF0F0065DB08 /* Build configuration list for PBXNativeTarget "hw3" */ = {
			isa = XCConfigurationList;
			buildConfigurations = (
				FAC1706A1BE5AF0F0065DB08 /* Debug */,
				FAC1706B1BE5AF0F0065DB08 /* Release */,
			);
			defaultConfigurationIsVisible = 0;
			defaultConfigurationName = Release;
		};
/* End XCConfigurationList section */
	};
	rootObject = FAC1705A1BE5AF0F0065DB08 /* Project object */;
}
